
Microsoft Visual Studio Solution File, Format Version 12.00
# Visual Studio Version 17
VisualStudioVersion = 17.5.33516.290
MinimumVisualStudioVersion = 10.0.40219.1
Project("{FAE04EC0-301F-11D3-BF4B-00C04F79EFBC}") = "BDEmpleados", "BDEmpleados\BDEmpleados.csproj", "{8FF573E3-3064-470A-80A2-4F377EA63A5A}"
EndProject
Global
	GlobalSection(SolutionConfigurationPlatforms) = preSolution
		Debug|Any CPU = Debug|Any CPU
		Release|Any CPU = Release|Any CPU
	EndGlobalSection
	GlobalSection(ProjectConfigurationPlatforms) = postSolution
		{8FF573E3-3064-470A-80A2-4F377EA63A5A}.Debug|Any CPU.ActiveCfg = Debug|Any CPU
		{8FF573E3-3064-470A-80A2-4F377EA63A5A}.Debug|Any CPU.Build.0 = Debug|Any CPU
		{8FF573E3-3064-470A-80A2-4F377EA63A5A}.Release|Any CPU.ActiveCfg = Release|Any CPU
		{8FF573E3-3064-470A-80A2-4F377EA63A5A}.Release|Any CPU.Build.0 = Release|Any CPU
	EndGlobalSection
	GlobalSection(SolutionProperties) = preSolution
		HideSolutionNode = FALSE
	EndGlobalSection
	GlobalSection(ExtensibilityGlobals) = postSolution
		SolutionGuid = {49DBB389-15A1-4607-B97C-D88ACD058472}
	EndGlobalSection
EndGlobal
